
Microsoft Visual Studio Solution File, Format Version 12.00
# Visual Studio Version 17
VisualStudioVersion = 17.9.34728.123
MinimumVisualStudioVersion = 10.0.40219.1
Project("{FAE04EC0-301F-11D3-BF4B-00C04F79EFBC}") = "Ventas", "Ventas\Ventas.csproj", "{A3C50411-A6A7-48E7-83EC-4DC9CD3486D1}"
EndProject
Global
	GlobalSection(SolutionConfigurationPlatforms) = preSolution
		Debug|Any CPU = Debug|Any CPU
		Release|Any CPU = Release|Any CPU
	EndGlobalSection
	GlobalSection(ProjectConfigurationPlatforms) = postSolution
		{A3C50411-A6A7-48E7-83EC-4DC9CD3486D1}.Debug|Any CPU.ActiveCfg = Debug|Any CPU
		{A3C50411-A6A7-48E7-83EC-4DC9CD3486D1}.Debug|Any CPU.Build.0 = Debug|Any CPU
		{A3C50411-A6A7-48E7-83EC-4DC9CD3486D1}.Release|Any CPU.ActiveCfg = Release|Any CPU
		{A3C50411-A6A7-48E7-83EC-4DC9CD3486D1}.Release|Any CPU.Build.0 = Release|Any CPU
	EndGlobalSection
	GlobalSection(SolutionProperties) = preSolution
		HideSolutionNode = FALSE
	EndGlobalSection
	GlobalSection(ExtensibilityGlobals) = postSolution
		SolutionGuid = {D7B995F0-7DAC-4194-9395-C468DDC5A43A}
	EndGlobalSection
EndGlobal
