
Microsoft Visual Studio Solution File, Format Version 12.00
# Visual Studio Version 17
VisualStudioVersion = 17.8.34511.84
MinimumVisualStudioVersion = 10.0.40219.1
Project("{FAE04EC0-301F-11D3-BF4B-00C04F79EFBC}") = "problem2", "problem2\problem2.csproj", "{D3734D0D-9560-47C0-9959-60E4571D8C4A}"
EndProject
Global
	GlobalSection(SolutionConfigurationPlatforms) = preSolution
		Debug|Any CPU = Debug|Any CPU
		Release|Any CPU = Release|Any CPU
	EndGlobalSection
	GlobalSection(ProjectConfigurationPlatforms) = postSolution
		{D3734D0D-9560-47C0-9959-60E4571D8C4A}.Debug|Any CPU.ActiveCfg = Debug|Any CPU
		{D3734D0D-9560-47C0-9959-60E4571D8C4A}.Debug|Any CPU.Build.0 = Debug|Any CPU
		{D3734D0D-9560-47C0-9959-60E4571D8C4A}.Release|Any CPU.ActiveCfg = Release|Any CPU
		{D3734D0D-9560-47C0-9959-60E4571D8C4A}.Release|Any CPU.Build.0 = Release|Any CPU
	EndGlobalSection
	GlobalSection(SolutionProperties) = preSolution
		HideSolutionNode = FALSE
	EndGlobalSection
	GlobalSection(ExtensibilityGlobals) = postSolution
		SolutionGuid = {EF6AEE37-D83D-4AAC-8846-A4E51FD75FC5}
	EndGlobalSection
EndGlobal
